
Microsoft Visual Studio Solution File, Format Version 12.00
# Visual Studio Version 16
VisualStudioVersion = 16.0.29519.87
MinimumVisualStudioVersion = 10.0.40219.1
Project("{9A19103F-16F7-4668-BE54-9A1E7A4F7556}") = "GrossNetApp", "src\GrossNetApp\GrossNetApp.csproj", "{7B968DD9-DC83-4F0B-8A2A-1E2A118E23F3}"
EndProject
Project("{2150E333-8FDC-42A3-9474-1A3956D46DE8}") = "Documentation", "Documentation", "{FEBF97D5-F905-49E1-A453-609404C8271C}"
	ProjectSection(SolutionItems) = preProject
		Documentation\TaxCalculator.docx = Documentation\TaxCalculator.docx
	EndProjectSection
EndProject
Global
	GlobalSection(SolutionConfigurationPlatforms) = preSolution
		Debug|Any CPU = Debug|Any CPU
		Release|Any CPU = Release|Any CPU
	EndGlobalSection
	GlobalSection(ProjectConfigurationPlatforms) = postSolution
		{7B968DD9-DC83-4F0B-8A2A-1E2A118E23F3}.Debug|Any CPU.ActiveCfg = Debug|Any CPU
		{7B968DD9-DC83-4F0B-8A2A-1E2A118E23F3}.Debug|Any CPU.Build.0 = Debug|Any CPU
		{7B968DD9-DC83-4F0B-8A2A-1E2A118E23F3}.Release|Any CPU.ActiveCfg = Release|Any CPU
		{7B968DD9-DC83-4F0B-8A2A-1E2A118E23F3}.Release|Any CPU.Build.0 = Release|Any CPU
	EndGlobalSection
	GlobalSection(SolutionProperties) = preSolution
		HideSolutionNode = FALSE
	EndGlobalSection
	GlobalSection(ExtensibilityGlobals) = postSolution
		SolutionGuid = {88594345-BE48-42FE-BC27-4F7E763B2CCC}
	EndGlobalSection
EndGlobal
